
Microsoft Visual Studio Solution File, Format Version 12.00
# Visual Studio 2013
VisualStudioVersion = 12.0.31101.0
MinimumVisualStudioVersion = 10.0.40219.1
Project("{FAE04EC0-301F-11D3-BF4B-00C04F79EFBC}") = "walle", "walle\walle.csproj", "{7B5C4F8E-6DA5-41CB-8452-09958F007F73}"
EndProject
Project("{2150E333-8FDC-42A3-9474-1A3956D46DE8}") = "walle", "walle", "{9D210784-EDE9-48B6-B26F-2E3C999D5D8B}"
EndProject
Project("{2150E333-8FDC-42A3-9474-1A3956D46DE8}") = "app", "app", "{4760A5AF-3004-4C21-B560-B0784BAC9DAB}"
EndProject
Project("{2150E333-8FDC-42A3-9474-1A3956D46DE8}") = "lib", "lib", "{1D3F16D8-57CB-4ADC-8798-887043037AEE}"
EndProject
Project("{2150E333-8FDC-42A3-9474-1A3956D46DE8}") = "build", "build", "{B94A51F2-A3E7-48EC-80BC-19E58D0FC2BA}"
EndProject
Project("{2150E333-8FDC-42A3-9474-1A3956D46DE8}") = "app_fun", "app_fun", "{B15FDE10-8E29-4ABA-9E9F-2A99358BD9FA}"
EndProject
Project("{FAE04EC0-301F-11D3-BF4B-00C04F79EFBC}") = "SuperYF", "app\app_fun\SuperYF\SuperYF.csproj", "{DC948110-9911-42E8-A7DE-0B19B231DE16}"
EndProject
Project("{FAE04EC0-301F-11D3-BF4B-00C04F79EFBC}") = "SuperZB", "app\app_fun\SuperZB\SuperZB.csproj", "{A9FEE4C3-3BC5-40DE-A5C5-60FD24142DD7}"
EndProject
Project("{2150E333-8FDC-42A3-9474-1A3956D46DE8}") = "app_rnd", "app_rnd", "{A1CD0B05-2040-442F-87AC-753C717F99E8}"
EndProject
Project("{2150E333-8FDC-42A3-9474-1A3956D46DE8}") = "1_task", "1_task", "{3C77F80B-4FBE-4F50-96F7-98000CC06804}"
EndProject
Project("{2150E333-8FDC-42A3-9474-1A3956D46DE8}") = "2_env", "2_env", "{DAFFD62A-7867-4EC7-8D26-2A7F58CA7FF3}"
EndProject
Project("{2150E333-8FDC-42A3-9474-1A3956D46DE8}") = "2_tc", "2_tc", "{FEAA2FA2-F241-43E3-AFB6-E901CBB07CFA}"
EndProject
Project("{2150E333-8FDC-42A3-9474-1A3956D46DE8}") = "3_executor", "3_executor", "{94A50567-5709-492D-B6A1-78A4A1385851}"
EndProject
Project("{2150E333-8FDC-42A3-9474-1A3956D46DE8}") = "4_report", "4_report", "{6D97DDA4-839D-4135-977F-4A850F7BACA0}"
EndProject
Project("{2150E333-8FDC-42A3-9474-1A3956D46DE8}") = "5_dashboard", "5_dashboard", "{BFA77E84-F736-4E9D-AD8E-6C87262C71F7}"
EndProject
Project("{2150E333-8FDC-42A3-9474-1A3956D46DE8}") = "z_tools", "z_tools", "{7A042B8E-C325-4B84-9F5E-3E493F386D35}"
EndProject
Project("{FAE04EC0-301F-11D3-BF4B-00C04F79EFBC}") = "SuperJSBuilder", "app\app_rnd\z_tools\SuperJSBuilder\SuperJSBuilder.csproj", "{F40186C3-38F9-4C36-8D87-75C8369DB3FA}"
EndProject
Project("{FAE04EC0-301F-11D3-BF4B-00C04F79EFBC}") = "SuperDocBuilder", "app\app_rnd\z_tools\SuperDocBuilder\SuperDocBuilder.csproj", "{425476A1-F845-4EA7-8F1F-0636BC8BEE9C}"
EndProject
Global
	GlobalSection(SolutionConfigurationPlatforms) = preSolution
		Debug|Any CPU = Debug|Any CPU
		Release|Any CPU = Release|Any CPU
	EndGlobalSection
	GlobalSection(ProjectConfigurationPlatforms) = postSolution
		{7B5C4F8E-6DA5-41CB-8452-09958F007F73}.Debug|Any CPU.ActiveCfg = Debug|Any CPU
		{7B5C4F8E-6DA5-41CB-8452-09958F007F73}.Debug|Any CPU.Build.0 = Debug|Any CPU
		{7B5C4F8E-6DA5-41CB-8452-09958F007F73}.Release|Any CPU.ActiveCfg = Release|Any CPU
		{7B5C4F8E-6DA5-41CB-8452-09958F007F73}.Release|Any CPU.Build.0 = Release|Any CPU
		{DC948110-9911-42E8-A7DE-0B19B231DE16}.Debug|Any CPU.ActiveCfg = Debug|Any CPU
		{DC948110-9911-42E8-A7DE-0B19B231DE16}.Debug|Any CPU.Build.0 = Debug|Any CPU
		{DC948110-9911-42E8-A7DE-0B19B231DE16}.Release|Any CPU.ActiveCfg = Release|Any CPU
		{DC948110-9911-42E8-A7DE-0B19B231DE16}.Release|Any CPU.Build.0 = Release|Any CPU
		{A9FEE4C3-3BC5-40DE-A5C5-60FD24142DD7}.Debug|Any CPU.ActiveCfg = Debug|Any CPU
		{A9FEE4C3-3BC5-40DE-A5C5-60FD24142DD7}.Debug|Any CPU.Build.0 = Debug|Any CPU
		{A9FEE4C3-3BC5-40DE-A5C5-60FD24142DD7}.Release|Any CPU.ActiveCfg = Release|Any CPU
		{A9FEE4C3-3BC5-40DE-A5C5-60FD24142DD7}.Release|Any CPU.Build.0 = Release|Any CPU
		{F40186C3-38F9-4C36-8D87-75C8369DB3FA}.Debug|Any CPU.ActiveCfg = Debug|Any CPU
		{F40186C3-38F9-4C36-8D87-75C8369DB3FA}.Debug|Any CPU.Build.0 = Debug|Any CPU
		{F40186C3-38F9-4C36-8D87-75C8369DB3FA}.Release|Any CPU.ActiveCfg = Release|Any CPU
		{F40186C3-38F9-4C36-8D87-75C8369DB3FA}.Release|Any CPU.Build.0 = Release|Any CPU
		{425476A1-F845-4EA7-8F1F-0636BC8BEE9C}.Debug|Any CPU.ActiveCfg = Debug|Any CPU
		{425476A1-F845-4EA7-8F1F-0636BC8BEE9C}.Debug|Any CPU.Build.0 = Debug|Any CPU
		{425476A1-F845-4EA7-8F1F-0636BC8BEE9C}.Release|Any CPU.ActiveCfg = Release|Any CPU
		{425476A1-F845-4EA7-8F1F-0636BC8BEE9C}.Release|Any CPU.Build.0 = Release|Any CPU
	EndGlobalSection
	GlobalSection(SolutionProperties) = preSolution
		HideSolutionNode = FALSE
	EndGlobalSection
	GlobalSection(NestedProjects) = preSolution
		{7B5C4F8E-6DA5-41CB-8452-09958F007F73} = {9D210784-EDE9-48B6-B26F-2E3C999D5D8B}
		{B15FDE10-8E29-4ABA-9E9F-2A99358BD9FA} = {4760A5AF-3004-4C21-B560-B0784BAC9DAB}
		{DC948110-9911-42E8-A7DE-0B19B231DE16} = {B15FDE10-8E29-4ABA-9E9F-2A99358BD9FA}
		{A9FEE4C3-3BC5-40DE-A5C5-60FD24142DD7} = {B15FDE10-8E29-4ABA-9E9F-2A99358BD9FA}
		{A1CD0B05-2040-442F-87AC-753C717F99E8} = {4760A5AF-3004-4C21-B560-B0784BAC9DAB}
		{3C77F80B-4FBE-4F50-96F7-98000CC06804} = {A1CD0B05-2040-442F-87AC-753C717F99E8}
		{DAFFD62A-7867-4EC7-8D26-2A7F58CA7FF3} = {A1CD0B05-2040-442F-87AC-753C717F99E8}
		{FEAA2FA2-F241-43E3-AFB6-E901CBB07CFA} = {A1CD0B05-2040-442F-87AC-753C717F99E8}
		{94A50567-5709-492D-B6A1-78A4A1385851} = {A1CD0B05-2040-442F-87AC-753C717F99E8}
		{6D97DDA4-839D-4135-977F-4A850F7BACA0} = {A1CD0B05-2040-442F-87AC-753C717F99E8}
		{BFA77E84-F736-4E9D-AD8E-6C87262C71F7} = {A1CD0B05-2040-442F-87AC-753C717F99E8}
		{7A042B8E-C325-4B84-9F5E-3E493F386D35} = {A1CD0B05-2040-442F-87AC-753C717F99E8}
		{F40186C3-38F9-4C36-8D87-75C8369DB3FA} = {7A042B8E-C325-4B84-9F5E-3E493F386D35}
		{425476A1-F845-4EA7-8F1F-0636BC8BEE9C} = {7A042B8E-C325-4B84-9F5E-3E493F386D35}
	EndGlobalSection
EndGlobal
